# Quartus II Project
# Generated by Orcc

# Board informations
set_global_assignment -name FAMILY "Stratix III"
set_global_assignment -name DEVICE EP3SL150F1152C2
set_global_assignment -name TOP_LEVEL_ENTITY fps_eval_test


set_global_assignment -name VHDL_FILE fps_eval_test.vhd
set_global_assignment -name VHDL_FILE counter.vhd
set_global_assignment -name VHDL_FILE fps_eval.vhd
set_global_assignment -name VHDL_FILE segment_display_conv.vhd
set_global_assignment -name VHDL_FILE segment_display_sel.vhd

# Pin assignments
set_location_assignment PIN_AP5 -to rst
set_location_assignment PIN_T33 -to clk
set_location_assignment PIN_AE10 -to segment7[0]
set_location_assignment PIN_AL5 -to segment7[1]
set_location_assignment PIN_AC12 -to segment7[2]
set_location_assignment PIN_AM5 -to segment7[3]
set_location_assignment PIN_AF11 -to segment7[4]
set_location_assignment PIN_AM6 -to segment7[5]
set_location_assignment PIN_AP3 -to segment7[6]
set_location_assignment PIN_AM4 -to segment7_sel[0]
set_location_assignment PIN_AE12 -to segment7_sel[1]
set_location_assignment PIN_AL4 -to segment7_sel[2]
set_location_assignment PIN_AH8 -to segment7_sel[3]
set_location_assignment PIN_B17 -to button

set_global_assignment -name LAST_QUARTUS_VERSION 11.0

set_global_assignment -name PARTITION_NETLIST_TYPE SOURCE -section_id Top
set_global_assignment -name PARTITION_FITTER_PRESERVATION_LEVEL PLACEMENT_AND_ROUTING -section_id Top
set_global_assignment -name PARTITION_COLOR 16764057 -section_id Top
set_instance_assignment -name PARTITION_HIERARCHY root_partition -to | -section_id Top