
Microsoft Visual Studio Solution File, Format Version 10.00
# Visual C++ Express 2008
Project("{8BC9CEB8-8B4A-11D0-8D11-00A0C91BC942}") = "mpi_test", "mpi_test.vcproj", "{1047DFCE-77C6-4D1D-A2B9-C6EC7EE30857}"
EndProject
Global
	GlobalSection(SolutionConfigurationPlatforms) = preSolution
		Debug|Win32 = Debug|Win32
		Release|Win32 = Release|Win32
	EndGlobalSection
	GlobalSection(ProjectConfigurationPlatforms) = postSolution
		{1047DFCE-77C6-4D1D-A2B9-C6EC7EE30857}.Debug|Win32.ActiveCfg = Debug|Win32
		{1047DFCE-77C6-4D1D-A2B9-C6EC7EE30857}.Debug|Win32.Build.0 = Debug|Win32
		{1047DFCE-77C6-4D1D-A2B9-C6EC7EE30857}.Release|Win32.ActiveCfg = Release|Win32
		{1047DFCE-77C6-4D1D-A2B9-C6EC7EE30857}.Release|Win32.Build.0 = Release|Win32
	EndGlobalSection
	GlobalSection(SolutionProperties) = preSolution
		HideSolutionNode = FALSE
	EndGlobalSection
EndGlobal
