
Microsoft Visual Studio Solution File, Format Version 10.00
# Visual C++ Express 2008
Project("{8BC9CEB8-8B4A-11D0-8D11-00A0C91BC942}") = "MPEG4_SP_Decoder", "MPEG4_SP_Decoder.vcproj", "{13C8B2FF-8D11-4684-B2AE-138EA34478D8}"
EndProject
Global
	GlobalSection(SolutionConfigurationPlatforms) = preSolution
		Debug|Win32 = Debug|Win32
		Release|Win32 = Release|Win32
	EndGlobalSection
	GlobalSection(ProjectConfigurationPlatforms) = postSolution
		{13C8B2FF-8D11-4684-B2AE-138EA34478D8}.Debug|Win32.ActiveCfg = Debug|Win32
		{13C8B2FF-8D11-4684-B2AE-138EA34478D8}.Debug|Win32.Build.0 = Debug|Win32
		{13C8B2FF-8D11-4684-B2AE-138EA34478D8}.Release|Win32.ActiveCfg = Release|Win32
		{13C8B2FF-8D11-4684-B2AE-138EA34478D8}.Release|Win32.Build.0 = Release|Win32
	EndGlobalSection
	GlobalSection(SolutionProperties) = preSolution
		HideSolutionNode = FALSE
	EndGlobalSection
EndGlobal
